
Microsoft Visual Studio Solution File, Format Version 12.00
# Visual Studio 15
VisualStudioVersion = 15.0.27130.2027
MinimumVisualStudioVersion = 10.0.40219.1
Project("{9A19103F-16F7-4668-BE54-9A1E7A4F7556}") = "ChargesProject", "ChargesProject\ChargesProject.csproj", "{397C9E28-3009-4504-9B78-3799E77241E1}"
EndProject
Global
	GlobalSection(SolutionConfigurationPlatforms) = preSolution
		Debug|Any CPU = Debug|Any CPU
		Release|Any CPU = Release|Any CPU
	EndGlobalSection
	GlobalSection(ProjectConfigurationPlatforms) = postSolution
		{397C9E28-3009-4504-9B78-3799E77241E1}.Debug|Any CPU.ActiveCfg = Debug|Any CPU
		{397C9E28-3009-4504-9B78-3799E77241E1}.Debug|Any CPU.Build.0 = Debug|Any CPU
		{397C9E28-3009-4504-9B78-3799E77241E1}.Release|Any CPU.ActiveCfg = Release|Any CPU
		{397C9E28-3009-4504-9B78-3799E77241E1}.Release|Any CPU.Build.0 = Release|Any CPU
	EndGlobalSection
	GlobalSection(SolutionProperties) = preSolution
		HideSolutionNode = FALSE
	EndGlobalSection
	GlobalSection(ExtensibilityGlobals) = postSolution
		SolutionGuid = {0AC48B7C-95B0-4911-9F89-8E5E83AF8A47}
	EndGlobalSection
EndGlobal
